
Microsoft Visual Studio Solution File, Format Version 12.00
# Visual Studio Version 17
VisualStudioVersion = 17.0.31919.166
MinimumVisualStudioVersion = 10.0.40219.1
Project("{FAE04EC0-301F-11D3-BF4B-00C04F79EFBC}") = "Lectia19_homework_1", "Lectia19_1\Lectia19_homework_1.csproj", "{B1E58E61-E79A-4CC6-B160-F041FD10C822}"
EndProject
Project("{FAE04EC0-301F-11D3-BF4B-00C04F79EFBC}") = "Lectia19_2", "Lectia19_2\Lectia19_2.csproj", "{F529C469-2DAF-47DB-8ACD-0C235A6E7722}"
EndProject
Project("{FAE04EC0-301F-11D3-BF4B-00C04F79EFBC}") = "Lectia19_2_2", "Lectia19_2_2\Lectia19_2_2.csproj", "{5465F664-5538-491E-8422-462D84E3E790}"
EndProject
Project("{FAE04EC0-301F-11D3-BF4B-00C04F79EFBC}") = "Lectia19_3", "Lectia19_3\Lectia19_3.csproj", "{17A4AF65-26E2-4F59-9DFE-71DADA15D1A9}"
EndProject
Global
	GlobalSection(SolutionConfigurationPlatforms) = preSolution
		Debug|Any CPU = Debug|Any CPU
		Release|Any CPU = Release|Any CPU
	EndGlobalSection
	GlobalSection(ProjectConfigurationPlatforms) = postSolution
		{B1E58E61-E79A-4CC6-B160-F041FD10C822}.Debug|Any CPU.ActiveCfg = Debug|Any CPU
		{B1E58E61-E79A-4CC6-B160-F041FD10C822}.Debug|Any CPU.Build.0 = Debug|Any CPU
		{B1E58E61-E79A-4CC6-B160-F041FD10C822}.Release|Any CPU.ActiveCfg = Release|Any CPU
		{B1E58E61-E79A-4CC6-B160-F041FD10C822}.Release|Any CPU.Build.0 = Release|Any CPU
		{F529C469-2DAF-47DB-8ACD-0C235A6E7722}.Debug|Any CPU.ActiveCfg = Debug|Any CPU
		{F529C469-2DAF-47DB-8ACD-0C235A6E7722}.Debug|Any CPU.Build.0 = Debug|Any CPU
		{F529C469-2DAF-47DB-8ACD-0C235A6E7722}.Release|Any CPU.ActiveCfg = Release|Any CPU
		{F529C469-2DAF-47DB-8ACD-0C235A6E7722}.Release|Any CPU.Build.0 = Release|Any CPU
		{5465F664-5538-491E-8422-462D84E3E790}.Debug|Any CPU.ActiveCfg = Debug|Any CPU
		{5465F664-5538-491E-8422-462D84E3E790}.Debug|Any CPU.Build.0 = Debug|Any CPU
		{5465F664-5538-491E-8422-462D84E3E790}.Release|Any CPU.ActiveCfg = Release|Any CPU
		{5465F664-5538-491E-8422-462D84E3E790}.Release|Any CPU.Build.0 = Release|Any CPU
		{17A4AF65-26E2-4F59-9DFE-71DADA15D1A9}.Debug|Any CPU.ActiveCfg = Debug|Any CPU
		{17A4AF65-26E2-4F59-9DFE-71DADA15D1A9}.Debug|Any CPU.Build.0 = Debug|Any CPU
		{17A4AF65-26E2-4F59-9DFE-71DADA15D1A9}.Release|Any CPU.ActiveCfg = Release|Any CPU
		{17A4AF65-26E2-4F59-9DFE-71DADA15D1A9}.Release|Any CPU.Build.0 = Release|Any CPU
	EndGlobalSection
	GlobalSection(SolutionProperties) = preSolution
		HideSolutionNode = FALSE
	EndGlobalSection
	GlobalSection(ExtensibilityGlobals) = postSolution
		SolutionGuid = {0DF353EE-205B-4CF8-A6B9-3D37D39F975E}
	EndGlobalSection
EndGlobal
