
Microsoft Visual Studio Solution File, Format Version 12.00
# Visual Studio Version 17
VisualStudioVersion = 17.0.31919.166
MinimumVisualStudioVersion = 10.0.40219.1
Project("{FAE04EC0-301F-11D3-BF4B-00C04F79EFBC}") = "Lectia23_1", "Lectia23_1\Lectia23_1.csproj", "{654F87DE-88F8-4BB1-BFC5-E73AC085633A}"
EndProject
Project("{FAE04EC0-301F-11D3-BF4B-00C04F79EFBC}") = "Lectia23_1.Tests", "Lectia23_1.Tests\Lectia23_1.Tests.csproj", "{07B4CA22-FA73-482B-AF14-B61468928800}"
EndProject
Global
	GlobalSection(SolutionConfigurationPlatforms) = preSolution
		Debug|Any CPU = Debug|Any CPU
		Release|Any CPU = Release|Any CPU
	EndGlobalSection
	GlobalSection(ProjectConfigurationPlatforms) = postSolution
		{654F87DE-88F8-4BB1-BFC5-E73AC085633A}.Debug|Any CPU.ActiveCfg = Debug|Any CPU
		{654F87DE-88F8-4BB1-BFC5-E73AC085633A}.Debug|Any CPU.Build.0 = Debug|Any CPU
		{654F87DE-88F8-4BB1-BFC5-E73AC085633A}.Release|Any CPU.ActiveCfg = Release|Any CPU
		{654F87DE-88F8-4BB1-BFC5-E73AC085633A}.Release|Any CPU.Build.0 = Release|Any CPU
		{07B4CA22-FA73-482B-AF14-B61468928800}.Debug|Any CPU.ActiveCfg = Debug|Any CPU
		{07B4CA22-FA73-482B-AF14-B61468928800}.Debug|Any CPU.Build.0 = Debug|Any CPU
		{07B4CA22-FA73-482B-AF14-B61468928800}.Release|Any CPU.ActiveCfg = Release|Any CPU
		{07B4CA22-FA73-482B-AF14-B61468928800}.Release|Any CPU.Build.0 = Release|Any CPU
	EndGlobalSection
	GlobalSection(SolutionProperties) = preSolution
		HideSolutionNode = FALSE
	EndGlobalSection
	GlobalSection(ExtensibilityGlobals) = postSolution
		SolutionGuid = {A58E388C-EB02-498C-B868-F1AB60E6DAF0}
	EndGlobalSection
EndGlobal
