
Microsoft Visual Studio Solution File, Format Version 12.00
# Visual Studio Version 17
VisualStudioVersion = 17.0.31919.166
MinimumVisualStudioVersion = 10.0.40219.1
Project("{FAE04EC0-301F-11D3-BF4B-00C04F79EFBC}") = "StudentManagement", "StudentManagement\StudentManagement.csproj", "{5ABCD59C-E991-42B3-91F2-58199A04B752}"
EndProject
Project("{FAE04EC0-301F-11D3-BF4B-00C04F79EFBC}") = "StudentManagementClient", "StudentManagementClient\StudentManagementClient.csproj", "{D326B35A-5A3B-4E47-8C4E-19EF1EBDF3A8}"
EndProject
Global
	GlobalSection(SolutionConfigurationPlatforms) = preSolution
		Debug|Any CPU = Debug|Any CPU
		Release|Any CPU = Release|Any CPU
	EndGlobalSection
	GlobalSection(ProjectConfigurationPlatforms) = postSolution
		{5ABCD59C-E991-42B3-91F2-58199A04B752}.Debug|Any CPU.ActiveCfg = Debug|Any CPU
		{5ABCD59C-E991-42B3-91F2-58199A04B752}.Debug|Any CPU.Build.0 = Debug|Any CPU
		{5ABCD59C-E991-42B3-91F2-58199A04B752}.Release|Any CPU.ActiveCfg = Release|Any CPU
		{5ABCD59C-E991-42B3-91F2-58199A04B752}.Release|Any CPU.Build.0 = Release|Any CPU
		{D326B35A-5A3B-4E47-8C4E-19EF1EBDF3A8}.Debug|Any CPU.ActiveCfg = Debug|Any CPU
		{D326B35A-5A3B-4E47-8C4E-19EF1EBDF3A8}.Debug|Any CPU.Build.0 = Debug|Any CPU
		{D326B35A-5A3B-4E47-8C4E-19EF1EBDF3A8}.Release|Any CPU.ActiveCfg = Release|Any CPU
		{D326B35A-5A3B-4E47-8C4E-19EF1EBDF3A8}.Release|Any CPU.Build.0 = Release|Any CPU
	EndGlobalSection
	GlobalSection(SolutionProperties) = preSolution
		HideSolutionNode = FALSE
	EndGlobalSection
	GlobalSection(ExtensibilityGlobals) = postSolution
		SolutionGuid = {2224DB19-7181-4179-BA7A-07951ECC3884}
	EndGlobalSection
EndGlobal
