
Microsoft Visual Studio Solution File, Format Version 12.00
# Visual Studio Version 17
VisualStudioVersion = 17.0.31919.166
MinimumVisualStudioVersion = 10.0.40219.1
Project("{FAE04EC0-301F-11D3-BF4B-00C04F79EFBC}") = "Lectia18_homework", "Lectia18_homework\Lectia18_homework.csproj", "{926B8A90-0761-4006-B369-21FE4BBB7B3C}"
EndProject
Project("{FAE04EC0-301F-11D3-BF4B-00C04F79EFBC}") = "Lectia18_1", "Lectia18_1\Lectia18_1.csproj", "{803BFDFA-3F00-4CC8-ACF0-94583FB887D4}"
EndProject
Project("{FAE04EC0-301F-11D3-BF4B-00C04F79EFBC}") = "Lectia18_2", "Lectia18_2\Lectia18_2.csproj", "{C5559F11-9452-48AA-8E82-98D6AB44652E}"
EndProject
Project("{FAE04EC0-301F-11D3-BF4B-00C04F79EFBC}") = "Lectia18_4", "Lectia18_4\Lectia18_4.csproj", "{20409D85-4E94-4194-B17B-653DCC9B597C}"
EndProject
Project("{FAE04EC0-301F-11D3-BF4B-00C04F79EFBC}") = "Lectia18_5", "Lectia18_5\Lectia18_5.csproj", "{0E846FB6-0BA1-4ABD-8926-B9F7DD579EBC}"
EndProject
Global
	GlobalSection(SolutionConfigurationPlatforms) = preSolution
		Debug|Any CPU = Debug|Any CPU
		Release|Any CPU = Release|Any CPU
	EndGlobalSection
	GlobalSection(ProjectConfigurationPlatforms) = postSolution
		{926B8A90-0761-4006-B369-21FE4BBB7B3C}.Debug|Any CPU.ActiveCfg = Debug|Any CPU
		{926B8A90-0761-4006-B369-21FE4BBB7B3C}.Debug|Any CPU.Build.0 = Debug|Any CPU
		{926B8A90-0761-4006-B369-21FE4BBB7B3C}.Release|Any CPU.ActiveCfg = Release|Any CPU
		{926B8A90-0761-4006-B369-21FE4BBB7B3C}.Release|Any CPU.Build.0 = Release|Any CPU
		{803BFDFA-3F00-4CC8-ACF0-94583FB887D4}.Debug|Any CPU.ActiveCfg = Debug|Any CPU
		{803BFDFA-3F00-4CC8-ACF0-94583FB887D4}.Debug|Any CPU.Build.0 = Debug|Any CPU
		{803BFDFA-3F00-4CC8-ACF0-94583FB887D4}.Release|Any CPU.ActiveCfg = Release|Any CPU
		{803BFDFA-3F00-4CC8-ACF0-94583FB887D4}.Release|Any CPU.Build.0 = Release|Any CPU
		{C5559F11-9452-48AA-8E82-98D6AB44652E}.Debug|Any CPU.ActiveCfg = Debug|Any CPU
		{C5559F11-9452-48AA-8E82-98D6AB44652E}.Debug|Any CPU.Build.0 = Debug|Any CPU
		{C5559F11-9452-48AA-8E82-98D6AB44652E}.Release|Any CPU.ActiveCfg = Release|Any CPU
		{C5559F11-9452-48AA-8E82-98D6AB44652E}.Release|Any CPU.Build.0 = Release|Any CPU
		{20409D85-4E94-4194-B17B-653DCC9B597C}.Debug|Any CPU.ActiveCfg = Debug|Any CPU
		{20409D85-4E94-4194-B17B-653DCC9B597C}.Debug|Any CPU.Build.0 = Debug|Any CPU
		{20409D85-4E94-4194-B17B-653DCC9B597C}.Release|Any CPU.ActiveCfg = Release|Any CPU
		{20409D85-4E94-4194-B17B-653DCC9B597C}.Release|Any CPU.Build.0 = Release|Any CPU
		{0E846FB6-0BA1-4ABD-8926-B9F7DD579EBC}.Debug|Any CPU.ActiveCfg = Debug|Any CPU
		{0E846FB6-0BA1-4ABD-8926-B9F7DD579EBC}.Debug|Any CPU.Build.0 = Debug|Any CPU
		{0E846FB6-0BA1-4ABD-8926-B9F7DD579EBC}.Release|Any CPU.ActiveCfg = Release|Any CPU
		{0E846FB6-0BA1-4ABD-8926-B9F7DD579EBC}.Release|Any CPU.Build.0 = Release|Any CPU
	EndGlobalSection
	GlobalSection(SolutionProperties) = preSolution
		HideSolutionNode = FALSE
	EndGlobalSection
	GlobalSection(ExtensibilityGlobals) = postSolution
		SolutionGuid = {58E0798F-50B4-4229-B68E-030396953C86}
	EndGlobalSection
EndGlobal
