
Microsoft Visual Studio Solution File, Format Version 12.00
# Visual Studio Version 17
VisualStudioVersion = 17.0.31919.166
MinimumVisualStudioVersion = 10.0.40219.1
Project("{FAE04EC0-301F-11D3-BF4B-00C04F79EFBC}") = "Lectia5_1", "Lectia5_1\Lectia5_1.csproj", "{892F22B8-C733-4ADB-BB51-CC2FDA04B0B7}"
EndProject
Project("{FAE04EC0-301F-11D3-BF4B-00C04F79EFBC}") = "Homework_1", "Homework_1\Homework_1.csproj", "{D37D5771-510E-4D99-8854-D98B38FA12CF}"
EndProject
Project("{FAE04EC0-301F-11D3-BF4B-00C04F79EFBC}") = "Lectia5_2", "Lectia5_2\Lectia5_2.csproj", "{0098BA21-9454-48AC-87EF-AC3EC8FFC1AF}"
EndProject
Project("{FAE04EC0-301F-11D3-BF4B-00C04F79EFBC}") = "Lectia5_3", "Lectia5_3\Lectia5_3.csproj", "{8961F980-689A-4932-93D1-F36184528F9E}"
EndProject
Project("{FAE04EC0-301F-11D3-BF4B-00C04F79EFBC}") = "Lectia5_4", "Lectia5_4\Lectia5_4.csproj", "{A0A16E3E-3CB3-42D0-B284-21D2AE9F6B10}"
EndProject
Global
	GlobalSection(SolutionConfigurationPlatforms) = preSolution
		Debug|Any CPU = Debug|Any CPU
		Release|Any CPU = Release|Any CPU
	EndGlobalSection
	GlobalSection(ProjectConfigurationPlatforms) = postSolution
		{892F22B8-C733-4ADB-BB51-CC2FDA04B0B7}.Debug|Any CPU.ActiveCfg = Debug|Any CPU
		{892F22B8-C733-4ADB-BB51-CC2FDA04B0B7}.Debug|Any CPU.Build.0 = Debug|Any CPU
		{892F22B8-C733-4ADB-BB51-CC2FDA04B0B7}.Release|Any CPU.ActiveCfg = Release|Any CPU
		{892F22B8-C733-4ADB-BB51-CC2FDA04B0B7}.Release|Any CPU.Build.0 = Release|Any CPU
		{D37D5771-510E-4D99-8854-D98B38FA12CF}.Debug|Any CPU.ActiveCfg = Debug|Any CPU
		{D37D5771-510E-4D99-8854-D98B38FA12CF}.Debug|Any CPU.Build.0 = Debug|Any CPU
		{D37D5771-510E-4D99-8854-D98B38FA12CF}.Release|Any CPU.ActiveCfg = Release|Any CPU
		{D37D5771-510E-4D99-8854-D98B38FA12CF}.Release|Any CPU.Build.0 = Release|Any CPU
		{0098BA21-9454-48AC-87EF-AC3EC8FFC1AF}.Debug|Any CPU.ActiveCfg = Debug|Any CPU
		{0098BA21-9454-48AC-87EF-AC3EC8FFC1AF}.Debug|Any CPU.Build.0 = Debug|Any CPU
		{0098BA21-9454-48AC-87EF-AC3EC8FFC1AF}.Release|Any CPU.ActiveCfg = Release|Any CPU
		{0098BA21-9454-48AC-87EF-AC3EC8FFC1AF}.Release|Any CPU.Build.0 = Release|Any CPU
		{8961F980-689A-4932-93D1-F36184528F9E}.Debug|Any CPU.ActiveCfg = Debug|Any CPU
		{8961F980-689A-4932-93D1-F36184528F9E}.Debug|Any CPU.Build.0 = Debug|Any CPU
		{8961F980-689A-4932-93D1-F36184528F9E}.Release|Any CPU.ActiveCfg = Release|Any CPU
		{8961F980-689A-4932-93D1-F36184528F9E}.Release|Any CPU.Build.0 = Release|Any CPU
		{A0A16E3E-3CB3-42D0-B284-21D2AE9F6B10}.Debug|Any CPU.ActiveCfg = Debug|Any CPU
		{A0A16E3E-3CB3-42D0-B284-21D2AE9F6B10}.Debug|Any CPU.Build.0 = Debug|Any CPU
		{A0A16E3E-3CB3-42D0-B284-21D2AE9F6B10}.Release|Any CPU.ActiveCfg = Release|Any CPU
		{A0A16E3E-3CB3-42D0-B284-21D2AE9F6B10}.Release|Any CPU.Build.0 = Release|Any CPU
	EndGlobalSection
	GlobalSection(SolutionProperties) = preSolution
		HideSolutionNode = FALSE
	EndGlobalSection
	GlobalSection(ExtensibilityGlobals) = postSolution
		SolutionGuid = {96066F67-02E6-43DA-A403-9FB4359117E9}
	EndGlobalSection
EndGlobal
